
Microsoft Visual Studio Solution File, Format Version 12.00
# Visual Studio 2013
Project("{8BC9CEB8-8B4A-11D0-8D11-00A0C91BC942}") = "RayTracer", "Build\Projects\RayTracer.vcxproj", "{7C589E61-7FC6-CD40-9D87-0F48E16784EA}"
	ProjectSection(ProjectDependencies) = postProject
		{FCEB5F38-842D-9244-A01E-FBF9EE0A74D0} = {FCEB5F38-842D-9244-A01E-FBF9EE0A74D0}
	EndProjectSection
EndProject
Project("{8BC9CEB8-8B4A-11D0-8D11-00A0C91BC942}") = "Engine", "Build\Projects\Engine.vcxproj", "{FCEB5F38-842D-9244-A01E-FBF9EE0A74D0}"
EndProject
Global
	GlobalSection(SolutionConfigurationPlatforms) = preSolution
		Debug|Win32 = Debug|Win32
		Release|Win32 = Release|Win32
	EndGlobalSection
	GlobalSection(ProjectConfigurationPlatforms) = postSolution
		{7C589E61-7FC6-CD40-9D87-0F48E16784EA}.Debug|Win32.ActiveCfg = Debug|Win32
		{7C589E61-7FC6-CD40-9D87-0F48E16784EA}.Debug|Win32.Build.0 = Debug|Win32
		{7C589E61-7FC6-CD40-9D87-0F48E16784EA}.Release|Win32.ActiveCfg = Release|Win32
		{7C589E61-7FC6-CD40-9D87-0F48E16784EA}.Release|Win32.Build.0 = Release|Win32
		{FCEB5F38-842D-9244-A01E-FBF9EE0A74D0}.Debug|Win32.ActiveCfg = Debug|Win32
		{FCEB5F38-842D-9244-A01E-FBF9EE0A74D0}.Debug|Win32.Build.0 = Debug|Win32
		{FCEB5F38-842D-9244-A01E-FBF9EE0A74D0}.Release|Win32.ActiveCfg = Release|Win32
		{FCEB5F38-842D-9244-A01E-FBF9EE0A74D0}.Release|Win32.Build.0 = Release|Win32
	EndGlobalSection
	GlobalSection(SolutionProperties) = preSolution
		HideSolutionNode = FALSE
	EndGlobalSection
EndGlobal
